
Microsoft Visual Studio Solution File, Format Version 12.00
Project("{FAE04EC0-301F-11D3-BF4B-00C04F79EFBC}") = "Datra.Data", "Datra.Data\Datra.Data.csproj", "{2A86C3A3-84B3-4A86-80D0-B0C935F29F68}"
EndProject
Project("{FAE04EC0-301F-11D3-BF4B-00C04F79EFBC}") = "Datra.Test", "Datra.Test\Datra.Test.csproj", "{203E63AB-B9C0-4843-BE53-E1F699CDA28E}"
EndProject
Project("{FAE04EC0-301F-11D3-BF4B-00C04F79EFBC}") = "Datra.Data.Generators", "Datra.Data.Generators\Datra.Data.Generators.csproj", "{4B3ED558-8A21-4CA6-8075-55909821DCEA}"
EndProject
Global
	GlobalSection(SolutionConfigurationPlatforms) = preSolution
		Debug|Any CPU = Debug|Any CPU
		Release|Any CPU = Release|Any CPU
	EndGlobalSection
	GlobalSection(ProjectConfigurationPlatforms) = postSolution
		{2A86C3A3-84B3-4A86-80D0-B0C935F29F68}.Debug|Any CPU.ActiveCfg = Debug|Any CPU
		{2A86C3A3-84B3-4A86-80D0-B0C935F29F68}.Debug|Any CPU.Build.0 = Debug|Any CPU
		{2A86C3A3-84B3-4A86-80D0-B0C935F29F68}.Release|Any CPU.ActiveCfg = Release|Any CPU
		{2A86C3A3-84B3-4A86-80D0-B0C935F29F68}.Release|Any CPU.Build.0 = Release|Any CPU
		{203E63AB-B9C0-4843-BE53-E1F699CDA28E}.Debug|Any CPU.ActiveCfg = Debug|Any CPU
		{203E63AB-B9C0-4843-BE53-E1F699CDA28E}.Debug|Any CPU.Build.0 = Debug|Any CPU
		{203E63AB-B9C0-4843-BE53-E1F699CDA28E}.Release|Any CPU.ActiveCfg = Release|Any CPU
		{203E63AB-B9C0-4843-BE53-E1F699CDA28E}.Release|Any CPU.Build.0 = Release|Any CPU
		{4B3ED558-8A21-4CA6-8075-55909821DCEA}.Debug|Any CPU.ActiveCfg = Debug|Any CPU
		{4B3ED558-8A21-4CA6-8075-55909821DCEA}.Debug|Any CPU.Build.0 = Debug|Any CPU
		{4B3ED558-8A21-4CA6-8075-55909821DCEA}.Release|Any CPU.ActiveCfg = Release|Any CPU
		{4B3ED558-8A21-4CA6-8075-55909821DCEA}.Release|Any CPU.Build.0 = Release|Any CPU
	EndGlobalSection
EndGlobal
